
Microsoft Visual Studio Solution File, Format Version 12.00
# Visual Studio Version 17
VisualStudioVersion = 17.0.31903.59
MinimumVisualStudioVersion = 10.0.40219.1
Project("{2150E333-8FDC-42A3-9474-1A3956D46DE8}") = "src", "src", "{5DD032D7-E071-4EF1-AD11-930205354015}"
EndProject
Project("{FAE04EC0-301F-11D3-BF4B-00C04F79EFBC}") = "Ecommerce.Api", "src\Ecommerce.Api\Ecommerce.Api.csproj", "{BD0F625D-F9FF-44A2-9E99-CA7CC9F52FEE}"
EndProject
Project("{FAE04EC0-301F-11D3-BF4B-00C04F79EFBC}") = "Ecommerce.Core", "src\Ecommerce.Core\Ecommerce.Core.csproj", "{803E1FDE-347F-457C-91E5-6390545C040C}"
EndProject
Project("{FAE04EC0-301F-11D3-BF4B-00C04F79EFBC}") = "Ecommerce.Infrastructure", "src\Ecommerce.Infrastructure\Ecommerce.Infrastructure.csproj", "{76074F80-3553-4892-9CA5-33993826FEB2}"
EndProject
Global
	GlobalSection(SolutionConfigurationPlatforms) = preSolution
		Debug|Any CPU = Debug|Any CPU
		Release|Any CPU = Release|Any CPU
	EndGlobalSection
	GlobalSection(SolutionProperties) = preSolution
		HideSolutionNode = FALSE
	EndGlobalSection
	GlobalSection(ProjectConfigurationPlatforms) = postSolution
		{BD0F625D-F9FF-44A2-9E99-CA7CC9F52FEE}.Debug|Any CPU.ActiveCfg = Debug|Any CPU
		{BD0F625D-F9FF-44A2-9E99-CA7CC9F52FEE}.Debug|Any CPU.Build.0 = Debug|Any CPU
		{BD0F625D-F9FF-44A2-9E99-CA7CC9F52FEE}.Release|Any CPU.ActiveCfg = Release|Any CPU
		{BD0F625D-F9FF-44A2-9E99-CA7CC9F52FEE}.Release|Any CPU.Build.0 = Release|Any CPU
		{803E1FDE-347F-457C-91E5-6390545C040C}.Debug|Any CPU.ActiveCfg = Debug|Any CPU
		{803E1FDE-347F-457C-91E5-6390545C040C}.Debug|Any CPU.Build.0 = Debug|Any CPU
		{803E1FDE-347F-457C-91E5-6390545C040C}.Release|Any CPU.ActiveCfg = Release|Any CPU
		{803E1FDE-347F-457C-91E5-6390545C040C}.Release|Any CPU.Build.0 = Release|Any CPU
		{76074F80-3553-4892-9CA5-33993826FEB2}.Debug|Any CPU.ActiveCfg = Debug|Any CPU
		{76074F80-3553-4892-9CA5-33993826FEB2}.Debug|Any CPU.Build.0 = Debug|Any CPU
		{76074F80-3553-4892-9CA5-33993826FEB2}.Release|Any CPU.ActiveCfg = Release|Any CPU
		{76074F80-3553-4892-9CA5-33993826FEB2}.Release|Any CPU.Build.0 = Release|Any CPU
	EndGlobalSection
	GlobalSection(NestedProjects) = preSolution
		{BD0F625D-F9FF-44A2-9E99-CA7CC9F52FEE} = {5DD032D7-E071-4EF1-AD11-930205354015}
		{803E1FDE-347F-457C-91E5-6390545C040C} = {5DD032D7-E071-4EF1-AD11-930205354015}
		{76074F80-3553-4892-9CA5-33993826FEB2} = {5DD032D7-E071-4EF1-AD11-930205354015}
	EndGlobalSection
EndGlobal
